{
  "originHash" : "b468d032d456d5b730bc535f324a1870f3f02019302cc51c15ee21f1865ae34b",
  "pins" : [
    {
      "identity" : "financecore",
      "kind" : "remoteSourceControl",
      "location" : "https://github.com/Sebastien972-collab/FinanceCore.git",
      "state" : {
        "branch" : "main",
        "revision" : "9b72204c9ab10ec439a3e6ed7af4e9f82827ebfd"
      }
    }
  ],
  "version" : 3
}
