{
  "originHash" : "b468d032d456d5b730bc535f324a1870f3f02019302cc51c15ee21f1865ae34b",
  "pins" : [
    {
      "identity" : "financecore",
      "kind" : "remoteSourceControl",
      "location" : "https://github.com/Sebastien972-collab/FinanceCore.git",
      "state" : {
        "branch" : "main",
        "revision" : "19fe5a1c27939bfe26a29a8c34eccba68d7584c1"
      }
    }
  ],
  "version" : 3
}
