// !$*UTF8*$!
{
	archiveVersion = 1;
	classes = {
	};
	objectVersion = 77;
	objects = {

/* Begin PBXBuildFile section */
		43EAA8192EB360C300E5080E /* TestPlan.xctestplan in Resources */ = {isa = PBXBuildFile; fileRef = 43EAA8182EB360C300E5080E /* TestPlan.xctestplan */; };
		CF8833FF2E8579C200EBF048 /* FinanceCore in Frameworks */ = {isa = PBXBuildFile; productRef = CF8833FE2E8579C200EBF048 /* FinanceCore */; };
		CFF41A972F3157A80037D5C9 /* README.md in Resources */ = {isa = PBXBuildFile; fileRef = CFF41A962F3157A80037D5C9 /* README.md */; };
		CFF41BCC2F3173910037D5C9 /* FirebaseAILogic in Frameworks */ = {isa = PBXBuildFile; productRef = CFF41BCB2F3173910037D5C9 /* FirebaseAILogic */; };
		CFF41BD22F3173910037D5C9 /* FirebaseAuth in Frameworks */ = {isa = PBXBuildFile; productRef = CFF41BD12F3173910037D5C9 /* FirebaseAuth */; };
		CFF41BD42F3173910037D5C9 /* FirebaseCore in Frameworks */ = {isa = PBXBuildFile; productRef = CFF41BD32F3173910037D5C9 /* FirebaseCore */; };
		CFF41BD82F3173910037D5C9 /* FirebaseFirestore in Frameworks */ = {isa = PBXBuildFile; productRef = CFF41BD72F3173910037D5C9 /* FirebaseFirestore */; };
		CFF41BDA2F3173910037D5C9 /* FirebaseFirestoreCombine-Community in Frameworks */ = {isa = PBXBuildFile; productRef = CFF41BD92F3173910037D5C9 /* FirebaseFirestoreCombine-Community */; };
		CFF41BDC2F3173910037D5C9 /* FirebaseStorage in Frameworks */ = {isa = PBXBuildFile; productRef = CFF41BDB2F3173910037D5C9 /* FirebaseStorage */; };
		CFF41BDE2F3173910037D5C9 /* FirebaseStorageCombine-Community in Frameworks */ = {isa = PBXBuildFile; productRef = CFF41BDD2F3173910037D5C9 /* FirebaseStorageCombine-Community */; };
		CFF41BE52F31F5F00037D5C9 /* FirebaseDatabase in Frameworks */ = {isa = PBXBuildFile; productRef = CFF41BE42F31F5F00037D5C9 /* FirebaseDatabase */; };
		CFFA86AE2F329412003788A0 /* FirebaseAnalytics in Frameworks */ = {isa = PBXBuildFile; productRef = CFFA86AD2F329412003788A0 /* FirebaseAnalytics */; };
		CFFA86B02F329412003788A0 /* FirebaseAnalyticsCore in Frameworks */ = {isa = PBXBuildFile; productRef = CFFA86AF2F329412003788A0 /* FirebaseAnalyticsCore */; };
		CFFA86B22F329412003788A0 /* FirebaseAnalyticsIdentitySupport in Frameworks */ = {isa = PBXBuildFile; productRef = CFFA86B12F329412003788A0 /* FirebaseAnalyticsIdentitySupport */; };
/* End PBXBuildFile section */

/* Begin PBXContainerItemProxy section */
		CF7DC9672E85715A0084762E /* PBXContainerItemProxy */ = {
			isa = PBXContainerItemProxy;
			containerPortal = CF7DC9512E8571580084762E /* Project object */;
			proxyType = 1;
			remoteGlobalIDString = CF7DC9582E8571580084762E;
			remoteInfo = FinanceLab;
		};
/* End PBXContainerItemProxy section */

/* Begin PBXFileReference section */
		43EAA8182EB360C300E5080E /* TestPlan.xctestplan */ = {isa = PBXFileReference; lastKnownFileType = text; path = TestPlan.xctestplan; sourceTree = "<group>"; };
		CF7DC9592E8571580084762E /* FinanceLab.app */ = {isa = PBXFileReference; explicitFileType = wrapper.application; includeInIndex = 0; path = FinanceLab.app; sourceTree = BUILT_PRODUCTS_DIR; };
		CF7DC9662E85715A0084762E /* FinanceLabTests.xctest */ = {isa = PBXFileReference; explicitFileType = wrapper.cfbundle; includeInIndex = 0; path = FinanceLabTests.xctest; sourceTree = BUILT_PRODUCTS_DIR; };
		CFF41A962F3157A80037D5C9 /* README.md */ = {isa = PBXFileReference; lastKnownFileType = net.daringfireball.markdown; path = README.md; sourceTree = "<group>"; };
/* End PBXFileReference section */

/* Begin PBXFileSystemSynchronizedBuildFileExceptionSet section */
		439D72AA2E8A6EA30048A89E /* Exceptions for "FinanceLab" folder in "FinanceLab" target */ = {
			isa = PBXFileSystemSynchronizedBuildFileExceptionSet;
			membershipExceptions = (
				Info.plist,
			);
			target = CF7DC9582E8571580084762E /* FinanceLab */;
		};
/* End PBXFileSystemSynchronizedBuildFileExceptionSet section */

/* Begin PBXFileSystemSynchronizedRootGroup section */
		CF7DC95B2E8571580084762E /* FinanceLab */ = {
			isa = PBXFileSystemSynchronizedRootGroup;
			exceptions = (
				439D72AA2E8A6EA30048A89E /* Exceptions for "FinanceLab" folder in "FinanceLab" target */,
			);
			path = FinanceLab;
			sourceTree = "<group>";
		};
		CF7DC9692E85715A0084762E /* FinanceLabTests */ = {
			isa = PBXFileSystemSynchronizedRootGroup;
			path = FinanceLabTests;
			sourceTree = "<group>";
		};
/* End PBXFileSystemSynchronizedRootGroup section */

/* Begin PBXFrameworksBuildPhase section */
		CF7DC9562E8571580084762E /* Frameworks */ = {
			isa = PBXFrameworksBuildPhase;
			buildActionMask = 2147483647;
			files = (
				CFF41BE52F31F5F00037D5C9 /* FirebaseDatabase in Frameworks */,
				CFF41BCC2F3173910037D5C9 /* FirebaseAILogic in Frameworks */,
				CFF41BD22F3173910037D5C9 /* FirebaseAuth in Frameworks */,
				CF8833FF2E8579C200EBF048 /* FinanceCore in Frameworks */,
				CFF41BDA2F3173910037D5C9 /* FirebaseFirestoreCombine-Community in Frameworks */,
				CFF41BD42F3173910037D5C9 /* FirebaseCore in Frameworks */,
				CFF41BD82F3173910037D5C9 /* FirebaseFirestore in Frameworks */,
				CFFA86B02F329412003788A0 /* FirebaseAnalyticsCore in Frameworks */,
				CFFA86B22F329412003788A0 /* FirebaseAnalyticsIdentitySupport in Frameworks */,
				CFF41BDC2F3173910037D5C9 /* FirebaseStorage in Frameworks */,
				CFFA86AE2F329412003788A0 /* FirebaseAnalytics in Frameworks */,
				CFF41BDE2F3173910037D5C9 /* FirebaseStorageCombine-Community in Frameworks */,
			);
			runOnlyForDeploymentPostprocessing = 0;
		};
		CF7DC9632E85715A0084762E /* Frameworks */ = {
			isa = PBXFrameworksBuildPhase;
			buildActionMask = 2147483647;
			files = (
			);
			runOnlyForDeploymentPostprocessing = 0;
		};
/* End PBXFrameworksBuildPhase section */

/* Begin PBXGroup section */
		CF7DC9502E8571570084762E = {
			isa = PBXGroup;
			children = (
				CFF41A962F3157A80037D5C9 /* README.md */,
				43EAA8182EB360C300E5080E /* TestPlan.xctestplan */,
				CF7DC95B2E8571580084762E /* FinanceLab */,
				CF7DC9692E85715A0084762E /* FinanceLabTests */,
				CFF41BE32F31F5F00037D5C9 /* Frameworks */,
				CF7DC95A2E8571580084762E /* Products */,
			);
			sourceTree = "<group>";
		};
		CF7DC95A2E8571580084762E /* Products */ = {
			isa = PBXGroup;
			children = (
				CF7DC9592E8571580084762E /* FinanceLab.app */,
				CF7DC9662E85715A0084762E /* FinanceLabTests.xctest */,
			);
			name = Products;
			sourceTree = "<group>";
		};
		CFF41BE32F31F5F00037D5C9 /* Frameworks */ = {
			isa = PBXGroup;
			children = (
			);
			name = Frameworks;
			sourceTree = "<group>";
		};
/* End PBXGroup section */

/* Begin PBXNativeTarget section */
		CF7DC9582E8571580084762E /* FinanceLab */ = {
			isa = PBXNativeTarget;
			buildConfigurationList = CF7DC97A2E85715A0084762E /* Build configuration list for PBXNativeTarget "FinanceLab" */;
			buildPhases = (
				CF7DC9552E8571580084762E /* Sources */,
				CF7DC9562E8571580084762E /* Frameworks */,
				CF7DC9572E8571580084762E /* Resources */,
			);
			buildRules = (
			);
			dependencies = (
			);
			fileSystemSynchronizedGroups = (
				CF7DC95B2E8571580084762E /* FinanceLab */,
			);
			name = FinanceLab;
			packageProductDependencies = (
				CF8833FE2E8579C200EBF048 /* FinanceCore */,
				CFF41BCB2F3173910037D5C9 /* FirebaseAILogic */,
				CFF41BD12F3173910037D5C9 /* FirebaseAuth */,
				CFF41BD32F3173910037D5C9 /* FirebaseCore */,
				CFF41BD72F3173910037D5C9 /* FirebaseFirestore */,
				CFF41BD92F3173910037D5C9 /* FirebaseFirestoreCombine-Community */,
				CFF41BDB2F3173910037D5C9 /* FirebaseStorage */,
				CFF41BDD2F3173910037D5C9 /* FirebaseStorageCombine-Community */,
				CFF41BE42F31F5F00037D5C9 /* FirebaseDatabase */,
				CFFA86AD2F329412003788A0 /* FirebaseAnalytics */,
				CFFA86AF2F329412003788A0 /* FirebaseAnalyticsCore */,
				CFFA86B12F329412003788A0 /* FirebaseAnalyticsIdentitySupport */,
			);
			productName = FinanceLab;
			productReference = CF7DC9592E8571580084762E /* FinanceLab.app */;
			productType = "com.apple.product-type.application";
		};
		CF7DC9652E85715A0084762E /* FinanceLabTests */ = {
			isa = PBXNativeTarget;
			buildConfigurationList = CF7DC97D2E85715A0084762E /* Build configuration list for PBXNativeTarget "FinanceLabTests" */;
			buildPhases = (
				CF7DC9622E85715A0084762E /* Sources */,
				CF7DC9632E85715A0084762E /* Frameworks */,
				CF7DC9642E85715A0084762E /* Resources */,
			);
			buildRules = (
			);
			dependencies = (
				CF7DC9682E85715A0084762E /* PBXTargetDependency */,
			);
			fileSystemSynchronizedGroups = (
				CF7DC9692E85715A0084762E /* FinanceLabTests */,
			);
			name = FinanceLabTests;
			packageProductDependencies = (
			);
			productName = FinanceLabTests;
			productReference = CF7DC9662E85715A0084762E /* FinanceLabTests.xctest */;
			productType = "com.apple.product-type.bundle.unit-test";
		};
/* End PBXNativeTarget section */

/* Begin PBXProject section */
		CF7DC9512E8571580084762E /* Project object */ = {
			isa = PBXProject;
			attributes = {
				BuildIndependentTargetsInParallel = 1;
				LastSwiftUpdateCheck = 2600;
				LastUpgradeCheck = 2620;
				TargetAttributes = {
					CF7DC9582E8571580084762E = {
						CreatedOnToolsVersion = 26.0.1;
					};
					CF7DC9652E85715A0084762E = {
						CreatedOnToolsVersion = 26.0.1;
						TestTargetID = CF7DC9582E8571580084762E;
					};
				};
			};
			buildConfigurationList = CF7DC9542E8571580084762E /* Build configuration list for PBXProject "FinanceLab" */;
			developmentRegion = en;
			hasScannedForEncodings = 0;
			knownRegions = (
				en,
				Base,
			);
			mainGroup = CF7DC9502E8571570084762E;
			minimizedProjectReferenceProxies = 1;
			packageReferences = (
				CF8833FD2E8579C200EBF048 /* XCRemoteSwiftPackageReference "FinanceCore" */,
				CFF41BC82F3173910037D5C9 /* XCRemoteSwiftPackageReference "firebase-ios-sdk" */,
			);
			preferredProjectObjectVersion = 77;
			productRefGroup = CF7DC95A2E8571580084762E /* Products */;
			projectDirPath = "";
			projectRoot = "";
			targets = (
				CF7DC9582E8571580084762E /* FinanceLab */,
				CF7DC9652E85715A0084762E /* FinanceLabTests */,
			);
		};
/* End PBXProject section */

/* Begin PBXResourcesBuildPhase section */
		CF7DC9572E8571580084762E /* Resources */ = {
			isa = PBXResourcesBuildPhase;
			buildActionMask = 2147483647;
			files = (
				CFF41A972F3157A80037D5C9 /* README.md in Resources */,
				43EAA8192EB360C300E5080E /* TestPlan.xctestplan in Resources */,
			);
			runOnlyForDeploymentPostprocessing = 0;
		};
		CF7DC9642E85715A0084762E /* Resources */ = {
			isa = PBXResourcesBuildPhase;
			buildActionMask = 2147483647;
			files = (
			);
			runOnlyForDeploymentPostprocessing = 0;
		};
/* End PBXResourcesBuildPhase section */

/* Begin PBXSourcesBuildPhase section */
		CF7DC9552E8571580084762E /* Sources */ = {
			isa = PBXSourcesBuildPhase;
			buildActionMask = 2147483647;
			files = (
			);
			runOnlyForDeploymentPostprocessing = 0;
		};
		CF7DC9622E85715A0084762E /* Sources */ = {
			isa = PBXSourcesBuildPhase;
			buildActionMask = 2147483647;
			files = (
			);
			runOnlyForDeploymentPostprocessing = 0;
		};
/* End PBXSourcesBuildPhase section */

/* Begin PBXTargetDependency section */
		CF7DC9682E85715A0084762E /* PBXTargetDependency */ = {
			isa = PBXTargetDependency;
			target = CF7DC9582E8571580084762E /* FinanceLab */;
			targetProxy = CF7DC9672E85715A0084762E /* PBXContainerItemProxy */;
		};
/* End PBXTargetDependency section */

/* Begin XCBuildConfiguration section */
		CF7DC9782E85715A0084762E /* Debug */ = {
			isa = XCBuildConfiguration;
			buildSettings = {
				ALWAYS_SEARCH_USER_PATHS = NO;
				ASSETCATALOG_COMPILER_GENERATE_SWIFT_ASSET_SYMBOL_EXTENSIONS = YES;
				CLANG_ANALYZER_NONNULL = YES;
				CLANG_ANALYZER_NUMBER_OBJECT_CONVERSION = YES_AGGRESSIVE;
				CLANG_CXX_LANGUAGE_STANDARD = "gnu++20";
				CLANG_ENABLE_MODULES = YES;
				CLANG_ENABLE_OBJC_ARC = YES;
				CLANG_ENABLE_OBJC_WEAK = YES;
				CLANG_WARN_BLOCK_CAPTURE_AUTORELEASING = YES;
				CLANG_WARN_BOOL_CONVERSION = YES;
				CLANG_WARN_COMMA = YES;
				CLANG_WARN_CONSTANT_CONVERSION = YES;
				CLANG_WARN_DEPRECATED_OBJC_IMPLEMENTATIONS = YES;
				CLANG_WARN_DIRECT_OBJC_ISA_USAGE = YES_ERROR;
				CLANG_WARN_DOCUMENTATION_COMMENTS = YES;
				CLANG_WARN_EMPTY_BODY = YES;
				CLANG_WARN_ENUM_CONVERSION = YES;
				CLANG_WARN_INFINITE_RECURSION = YES;
				CLANG_WARN_INT_CONVERSION = YES;
				CLANG_WARN_NON_LITERAL_NULL_CONVERSION = YES;
				CLANG_WARN_OBJC_IMPLICIT_RETAIN_SELF = YES;
				CLANG_WARN_OBJC_LITERAL_CONVERSION = YES;
				CLANG_WARN_OBJC_ROOT_CLASS = YES_ERROR;
				CLANG_WARN_QUOTED_INCLUDE_IN_FRAMEWORK_HEADER = YES;
				CLANG_WARN_RANGE_LOOP_ANALYSIS = YES;
				CLANG_WARN_STRICT_PROTOTYPES = YES;
				CLANG_WARN_SUSPICIOUS_MOVE = YES;
				CLANG_WARN_UNGUARDED_AVAILABILITY = YES_AGGRESSIVE;
				CLANG_WARN_UNREACHABLE_CODE = YES;
				CLANG_WARN__DUPLICATE_METHOD_MATCH = YES;
				COPY_PHASE_STRIP = NO;
				DEBUG_INFORMATION_FORMAT = dwarf;
				DEVELOPMENT_TEAM = P9TXP3LGTK;
				ENABLE_STRICT_OBJC_MSGSEND = YES;
				ENABLE_TESTABILITY = YES;
				ENABLE_USER_SCRIPT_SANDBOXING = YES;
				GCC_C_LANGUAGE_STANDARD = gnu17;
				GCC_DYNAMIC_NO_PIC = NO;
				GCC_NO_COMMON_BLOCKS = YES;
				GCC_OPTIMIZATION_LEVEL = 0;
				GCC_PREPROCESSOR_DEFINITIONS = (
					"DEBUG=1",
					"$(inherited)",
				);
				GCC_WARN_64_TO_32_BIT_CONVERSION = YES;
				GCC_WARN_ABOUT_RETURN_TYPE = YES_ERROR;
				GCC_WARN_UNDECLARED_SELECTOR = YES;
				GCC_WARN_UNINITIALIZED_AUTOS = YES_AGGRESSIVE;
				GCC_WARN_UNUSED_FUNCTION = YES;
				GCC_WARN_UNUSED_VARIABLE = YES;
				IPHONEOS_DEPLOYMENT_TARGET = 26.0;
				LOCALIZATION_PREFERS_STRING_CATALOGS = YES;
				MTL_ENABLE_DEBUG_INFO = INCLUDE_SOURCE;
				MTL_FAST_MATH = YES;
				ONLY_ACTIVE_ARCH = YES;
				SDKROOT = iphoneos;
				STRING_CATALOG_GENERATE_SYMBOLS = YES;
				SWIFT_ACTIVE_COMPILATION_CONDITIONS = "DEBUG $(inherited)";
				SWIFT_OPTIMIZATION_LEVEL = "-Onone";
			};
			name = Debug;
		};
		CF7DC9792E85715A0084762E /* Release */ = {
			isa = XCBuildConfiguration;
			buildSettings = {
				ALWAYS_SEARCH_USER_PATHS = NO;
				ASSETCATALOG_COMPILER_GENERATE_SWIFT_ASSET_SYMBOL_EXTENSIONS = YES;
				CLANG_ANALYZER_NONNULL = YES;
				CLANG_ANALYZER_NUMBER_OBJECT_CONVERSION = YES_AGGRESSIVE;
				CLANG_CXX_LANGUAGE_STANDARD = "gnu++20";
				CLANG_ENABLE_MODULES = YES;
				CLANG_ENABLE_OBJC_ARC = YES;
				CLANG_ENABLE_OBJC_WEAK = YES;
				CLANG_WARN_BLOCK_CAPTURE_AUTORELEASING = YES;
				CLANG_WARN_BOOL_CONVERSION = YES;
				CLANG_WARN_COMMA = YES;
				CLANG_WARN_CONSTANT_CONVERSION = YES;
				CLANG_WARN_DEPRECATED_OBJC_IMPLEMENTATIONS = YES;
				CLANG_WARN_DIRECT_OBJC_ISA_USAGE = YES_ERROR;
				CLANG_WARN_DOCUMENTATION_COMMENTS = YES;
				CLANG_WARN_EMPTY_BODY = YES;
				CLANG_WARN_ENUM_CONVERSION = YES;
				CLANG_WARN_INFINITE_RECURSION = YES;
				CLANG_WARN_INT_CONVERSION = YES;
				CLANG_WARN_NON_LITERAL_NULL_CONVERSION = YES;
				CLANG_WARN_OBJC_IMPLICIT_RETAIN_SELF = YES;
				CLANG_WARN_OBJC_LITERAL_CONVERSION = YES;
				CLANG_WARN_OBJC_ROOT_CLASS = YES_ERROR;
				CLANG_WARN_QUOTED_INCLUDE_IN_FRAMEWORK_HEADER = YES;
				CLANG_WARN_RANGE_LOOP_ANALYSIS = YES;
				CLANG_WARN_STRICT_PROTOTYPES = YES;
				CLANG_WARN_SUSPICIOUS_MOVE = YES;
				CLANG_WARN_UNGUARDED_AVAILABILITY = YES_AGGRESSIVE;
				CLANG_WARN_UNREACHABLE_CODE = YES;
				CLANG_WARN__DUPLICATE_METHOD_MATCH = YES;
				COPY_PHASE_STRIP = NO;
				DEBUG_INFORMATION_FORMAT = "dwarf-with-dsym";
				DEVELOPMENT_TEAM = P9TXP3LGTK;
				ENABLE_NS_ASSERTIONS = NO;
				ENABLE_STRICT_OBJC_MSGSEND = YES;
				ENABLE_USER_SCRIPT_SANDBOXING = YES;
				GCC_C_LANGUAGE_STANDARD = gnu17;
				GCC_NO_COMMON_BLOCKS = YES;
				GCC_WARN_64_TO_32_BIT_CONVERSION = YES;
				GCC_WARN_ABOUT_RETURN_TYPE = YES_ERROR;
				GCC_WARN_UNDECLARED_SELECTOR = YES;
				GCC_WARN_UNINITIALIZED_AUTOS = YES_AGGRESSIVE;
				GCC_WARN_UNUSED_FUNCTION = YES;
				GCC_WARN_UNUSED_VARIABLE = YES;
				IPHONEOS_DEPLOYMENT_TARGET = 26.0;
				LOCALIZATION_PREFERS_STRING_CATALOGS = YES;
				MTL_ENABLE_DEBUG_INFO = NO;
				MTL_FAST_MATH = YES;
				SDKROOT = iphoneos;
				STRING_CATALOG_GENERATE_SYMBOLS = YES;
				SWIFT_COMPILATION_MODE = wholemodule;
				VALIDATE_PRODUCT = YES;
			};
			name = Release;
		};
		CF7DC97B2E85715A0084762E /* Debug */ = {
			isa = XCBuildConfiguration;
			buildSettings = {
				ASSETCATALOG_COMPILER_APPICON_NAME = FinanceLabIcon;
				ASSETCATALOG_COMPILER_GLOBAL_ACCENT_COLOR_NAME = AccentColor;
				ASSETCATALOG_COMPILER_INCLUDE_ALL_APPICON_ASSETS = NO;
				CODE_SIGN_STYLE = Automatic;
				CURRENT_PROJECT_VERSION = 1;
				DEVELOPMENT_TEAM = P9TXP3LGTK;
				ENABLE_PREVIEWS = YES;
				GENERATE_INFOPLIST_FILE = YES;
				INFOPLIST_FILE = FinanceLab/Info.plist;
				INFOPLIST_KEY_CFBundleDisplayName = Serenly;
				INFOPLIST_KEY_LSApplicationCategoryType = "public.app-category.finance";
				INFOPLIST_KEY_UIApplicationSceneManifest_Generation = YES;
				INFOPLIST_KEY_UIApplicationSupportsIndirectInputEvents = YES;
				INFOPLIST_KEY_UILaunchScreen_Generation = YES;
				INFOPLIST_KEY_UISupportedInterfaceOrientations = UIInterfaceOrientationPortrait;
				INFOPLIST_KEY_UISupportedInterfaceOrientations_iPad = "UIInterfaceOrientationLandscapeLeft UIInterfaceOrientationLandscapeRight UIInterfaceOrientationPortrait UIInterfaceOrientationPortraitUpsideDown";
				IPHONEOS_DEPLOYMENT_TARGET = 26.0;
				LD_RUNPATH_SEARCH_PATHS = (
					"$(inherited)",
					"@executable_path/Frameworks",
				);
				MARKETING_VERSION = 0.7.1;
				PRODUCT_BUNDLE_IDENTIFIER = com.sebastiendaguin.FinanceLab;
				PRODUCT_NAME = "$(TARGET_NAME)";
				STRING_CATALOG_GENERATE_SYMBOLS = YES;
				SUPPORTED_PLATFORMS = "iphoneos iphonesimulator";
				SUPPORTS_MACCATALYST = NO;
				SUPPORTS_MAC_DESIGNED_FOR_IPHONE_IPAD = NO;
				SUPPORTS_XR_DESIGNED_FOR_IPHONE_IPAD = NO;
				SWIFT_APPROACHABLE_CONCURRENCY = YES;
				SWIFT_DEFAULT_ACTOR_ISOLATION = MainActor;
				SWIFT_EMIT_LOC_STRINGS = YES;
				SWIFT_UPCOMING_FEATURE_MEMBER_IMPORT_VISIBILITY = YES;
				SWIFT_VERSION = 5.0;
				TARGETED_DEVICE_FAMILY = 1;
			};
			name = Debug;
		};
		CF7DC97C2E85715A0084762E /* Release */ = {
			isa = XCBuildConfiguration;
			buildSettings = {
				ASSETCATALOG_COMPILER_APPICON_NAME = FinanceLabIcon;
				ASSETCATALOG_COMPILER_GLOBAL_ACCENT_COLOR_NAME = AccentColor;
				ASSETCATALOG_COMPILER_INCLUDE_ALL_APPICON_ASSETS = NO;
				CODE_SIGN_STYLE = Automatic;
				CURRENT_PROJECT_VERSION = 1;
				DEVELOPMENT_TEAM = P9TXP3LGTK;
				ENABLE_PREVIEWS = YES;
				GENERATE_INFOPLIST_FILE = YES;
				INFOPLIST_FILE = FinanceLab/Info.plist;
				INFOPLIST_KEY_CFBundleDisplayName = Serenly;
				INFOPLIST_KEY_LSApplicationCategoryType = "public.app-category.finance";
				INFOPLIST_KEY_UIApplicationSceneManifest_Generation = YES;
				INFOPLIST_KEY_UIApplicationSupportsIndirectInputEvents = YES;
				INFOPLIST_KEY_UILaunchScreen_Generation = YES;
				INFOPLIST_KEY_UISupportedInterfaceOrientations = UIInterfaceOrientationPortrait;
				INFOPLIST_KEY_UISupportedInterfaceOrientations_iPad = "UIInterfaceOrientationLandscapeLeft UIInterfaceOrientationLandscapeRight UIInterfaceOrientationPortrait UIInterfaceOrientationPortraitUpsideDown";
				IPHONEOS_DEPLOYMENT_TARGET = 26.0;
				LD_RUNPATH_SEARCH_PATHS = (
					"$(inherited)",
					"@executable_path/Frameworks",
				);
				MARKETING_VERSION = 0.7.1;
				PRODUCT_BUNDLE_IDENTIFIER = com.sebastiendaguin.FinanceLab;
				PRODUCT_NAME = "$(TARGET_NAME)";
				STRING_CATALOG_GENERATE_SYMBOLS = YES;
				SUPPORTED_PLATFORMS = "iphoneos iphonesimulator";
				SUPPORTS_MACCATALYST = NO;
				SUPPORTS_MAC_DESIGNED_FOR_IPHONE_IPAD = NO;
				SUPPORTS_XR_DESIGNED_FOR_IPHONE_IPAD = NO;
				SWIFT_APPROACHABLE_CONCURRENCY = YES;
				SWIFT_DEFAULT_ACTOR_ISOLATION = MainActor;
				SWIFT_EMIT_LOC_STRINGS = YES;
				SWIFT_UPCOMING_FEATURE_MEMBER_IMPORT_VISIBILITY = YES;
				SWIFT_VERSION = 5.0;
				TARGETED_DEVICE_FAMILY = 1;
			};
			name = Release;
		};
		CF7DC97E2E85715A0084762E /* Debug */ = {
			isa = XCBuildConfiguration;
			buildSettings = {
				BUNDLE_LOADER = "$(TEST_HOST)";
				CODE_SIGN_STYLE = Automatic;
				CURRENT_PROJECT_VERSION = 1;
				DEVELOPMENT_TEAM = P9TXP3LGTK;
				GENERATE_INFOPLIST_FILE = YES;
				IPHONEOS_DEPLOYMENT_TARGET = 26.0;
				MARKETING_VERSION = 1.0;
				PRODUCT_BUNDLE_IDENTIFIER = com.sebastiendaguin.FinanceLabTests;
				PRODUCT_NAME = "$(TARGET_NAME)";
				STRING_CATALOG_GENERATE_SYMBOLS = NO;
				SWIFT_APPROACHABLE_CONCURRENCY = YES;
				SWIFT_EMIT_LOC_STRINGS = NO;
				SWIFT_UPCOMING_FEATURE_MEMBER_IMPORT_VISIBILITY = YES;
				SWIFT_VERSION = 5.0;
				TARGETED_DEVICE_FAMILY = "1,2";
				TEST_HOST = "$(BUILT_PRODUCTS_DIR)/FinanceLab.app/$(BUNDLE_EXECUTABLE_FOLDER_PATH)/FinanceLab";
			};
			name = Debug;
		};
		CF7DC97F2E85715A0084762E /* Release */ = {
			isa = XCBuildConfiguration;
			buildSettings = {
				BUNDLE_LOADER = "$(TEST_HOST)";
				CODE_SIGN_STYLE = Automatic;
				CURRENT_PROJECT_VERSION = 1;
				DEVELOPMENT_TEAM = P9TXP3LGTK;
				GENERATE_INFOPLIST_FILE = YES;
				IPHONEOS_DEPLOYMENT_TARGET = 26.0;
				MARKETING_VERSION = 1.0;
				PRODUCT_BUNDLE_IDENTIFIER = com.sebastiendaguin.FinanceLabTests;
				PRODUCT_NAME = "$(TARGET_NAME)";
				STRING_CATALOG_GENERATE_SYMBOLS = NO;
				SWIFT_APPROACHABLE_CONCURRENCY = YES;
				SWIFT_EMIT_LOC_STRINGS = NO;
				SWIFT_UPCOMING_FEATURE_MEMBER_IMPORT_VISIBILITY = YES;
				SWIFT_VERSION = 5.0;
				TARGETED_DEVICE_FAMILY = "1,2";
				TEST_HOST = "$(BUILT_PRODUCTS_DIR)/FinanceLab.app/$(BUNDLE_EXECUTABLE_FOLDER_PATH)/FinanceLab";
			};
			name = Release;
		};
/* End XCBuildConfiguration section */

/* Begin XCConfigurationList section */
		CF7DC9542E8571580084762E /* Build configuration list for PBXProject "FinanceLab" */ = {
			isa = XCConfigurationList;
			buildConfigurations = (
				CF7DC9782E85715A0084762E /* Debug */,
				CF7DC9792E85715A0084762E /* Release */,
			);
			defaultConfigurationIsVisible = 0;
			defaultConfigurationName = Release;
		};
		CF7DC97A2E85715A0084762E /* Build configuration list for PBXNativeTarget "FinanceLab" */ = {
			isa = XCConfigurationList;
			buildConfigurations = (
				CF7DC97B2E85715A0084762E /* Debug */,
				CF7DC97C2E85715A0084762E /* Release */,
			);
			defaultConfigurationIsVisible = 0;
			defaultConfigurationName = Release;
		};
		CF7DC97D2E85715A0084762E /* Build configuration list for PBXNativeTarget "FinanceLabTests" */ = {
			isa = XCConfigurationList;
			buildConfigurations = (
				CF7DC97E2E85715A0084762E /* Debug */,
				CF7DC97F2E85715A0084762E /* Release */,
			);
			defaultConfigurationIsVisible = 0;
			defaultConfigurationName = Release;
		};
/* End XCConfigurationList section */

/* Begin XCRemoteSwiftPackageReference section */
		CF8833FD2E8579C200EBF048 /* XCRemoteSwiftPackageReference "FinanceCore" */ = {
			isa = XCRemoteSwiftPackageReference;
			repositoryURL = "https://github.com/Sebastien972-collab/FinanceCore.git";
			requirement = {
				branch = main;
				kind = branch;
			};
		};
		CFF41BC82F3173910037D5C9 /* XCRemoteSwiftPackageReference "firebase-ios-sdk" */ = {
			isa = XCRemoteSwiftPackageReference;
			repositoryURL = "https://github.com/firebase/firebase-ios-sdk";
			requirement = {
				kind = upToNextMajorVersion;
				minimumVersion = 12.8.0;
			};
		};
/* End XCRemoteSwiftPackageReference section */

/* Begin XCSwiftPackageProductDependency section */
		CF8833FE2E8579C200EBF048 /* FinanceCore */ = {
			isa = XCSwiftPackageProductDependency;
			package = CF8833FD2E8579C200EBF048 /* XCRemoteSwiftPackageReference "FinanceCore" */;
			productName = FinanceCore;
		};
		CFF41BCB2F3173910037D5C9 /* FirebaseAILogic */ = {
			isa = XCSwiftPackageProductDependency;
			package = CFF41BC82F3173910037D5C9 /* XCRemoteSwiftPackageReference "firebase-ios-sdk" */;
			productName = FirebaseAILogic;
		};
		CFF41BD12F3173910037D5C9 /* FirebaseAuth */ = {
			isa = XCSwiftPackageProductDependency;
			package = CFF41BC82F3173910037D5C9 /* XCRemoteSwiftPackageReference "firebase-ios-sdk" */;
			productName = FirebaseAuth;
		};
		CFF41BD32F3173910037D5C9 /* FirebaseCore */ = {
			isa = XCSwiftPackageProductDependency;
			package = CFF41BC82F3173910037D5C9 /* XCRemoteSwiftPackageReference "firebase-ios-sdk" */;
			productName = FirebaseCore;
		};
		CFF41BD72F3173910037D5C9 /* FirebaseFirestore */ = {
			isa = XCSwiftPackageProductDependency;
			package = CFF41BC82F3173910037D5C9 /* XCRemoteSwiftPackageReference "firebase-ios-sdk" */;
			productName = FirebaseFirestore;
		};
		CFF41BD92F3173910037D5C9 /* FirebaseFirestoreCombine-Community */ = {
			isa = XCSwiftPackageProductDependency;
			package = CFF41BC82F3173910037D5C9 /* XCRemoteSwiftPackageReference "firebase-ios-sdk" */;
			productName = "FirebaseFirestoreCombine-Community";
		};
		CFF41BDB2F3173910037D5C9 /* FirebaseStorage */ = {
			isa = XCSwiftPackageProductDependency;
			package = CFF41BC82F3173910037D5C9 /* XCRemoteSwiftPackageReference "firebase-ios-sdk" */;
			productName = FirebaseStorage;
		};
		CFF41BDD2F3173910037D5C9 /* FirebaseStorageCombine-Community */ = {
			isa = XCSwiftPackageProductDependency;
			package = CFF41BC82F3173910037D5C9 /* XCRemoteSwiftPackageReference "firebase-ios-sdk" */;
			productName = "FirebaseStorageCombine-Community";
		};
		CFF41BE42F31F5F00037D5C9 /* FirebaseDatabase */ = {
			isa = XCSwiftPackageProductDependency;
			package = CFF41BC82F3173910037D5C9 /* XCRemoteSwiftPackageReference "firebase-ios-sdk" */;
			productName = FirebaseDatabase;
		};
		CFFA86AD2F329412003788A0 /* FirebaseAnalytics */ = {
			isa = XCSwiftPackageProductDependency;
			package = CFF41BC82F3173910037D5C9 /* XCRemoteSwiftPackageReference "firebase-ios-sdk" */;
			productName = FirebaseAnalytics;
		};
		CFFA86AF2F329412003788A0 /* FirebaseAnalyticsCore */ = {
			isa = XCSwiftPackageProductDependency;
			package = CFF41BC82F3173910037D5C9 /* XCRemoteSwiftPackageReference "firebase-ios-sdk" */;
			productName = FirebaseAnalyticsCore;
		};
		CFFA86B12F329412003788A0 /* FirebaseAnalyticsIdentitySupport */ = {
			isa = XCSwiftPackageProductDependency;
			package = CFF41BC82F3173910037D5C9 /* XCRemoteSwiftPackageReference "firebase-ios-sdk" */;
			productName = FirebaseAnalyticsIdentitySupport;
		};
/* End XCSwiftPackageProductDependency section */
	};
	rootObject = CF7DC9512E8571580084762E /* Project object */;
}
